
Microsoft Visual Studio Solution File, Format Version 12.00
# Visual Studio Version 17
VisualStudioVersion = 17.9.34622.214
MinimumVisualStudioVersion = 10.0.40219.1
Project("{FAE04EC0-301F-11D3-BF4B-00C04F79EFBC}") = "EpiDHL", "EpiDHL.csproj", "{DA26F820-47C1-4DD5-9FF5-2D0EC44511A8}"
EndProject
Global
	GlobalSection(SolutionConfigurationPlatforms) = preSolution
		Debug|Any CPU = Debug|Any CPU
		Release|Any CPU = Release|Any CPU
	EndGlobalSection
	GlobalSection(ProjectConfigurationPlatforms) = postSolution
		{DA26F820-47C1-4DD5-9FF5-2D0EC44511A8}.Debug|Any CPU.ActiveCfg = Debug|Any CPU
		{DA26F820-47C1-4DD5-9FF5-2D0EC44511A8}.Debug|Any CPU.Build.0 = Debug|Any CPU
		{DA26F820-47C1-4DD5-9FF5-2D0EC44511A8}.Release|Any CPU.ActiveCfg = Release|Any CPU
		{DA26F820-47C1-4DD5-9FF5-2D0EC44511A8}.Release|Any CPU.Build.0 = Release|Any CPU
	EndGlobalSection
	GlobalSection(SolutionProperties) = preSolution
		HideSolutionNode = FALSE
	EndGlobalSection
	GlobalSection(ExtensibilityGlobals) = postSolution
		SolutionGuid = {5137CD23-35CE-4D2B-8784-07537D7DB291}
	EndGlobalSection
EndGlobal
